
Microsoft Visual Studio Solution File, Format Version 12.00
# Visual Studio 15
VisualStudioVersion = 15.0.28010.2046
MinimumVisualStudioVersion = 10.0.40219.1
Project("{FAE04EC0-301F-11D3-BF4B-00C04F79EFBC}") = "P4KLib", "P4KLib\P4KLib.csproj", "{93CD327C-7950-44AA-85F6-FC7412D53D82}"
EndProject
Project("{FAE04EC0-301F-11D3-BF4B-00C04F79EFBC}") = "Crucible", "Crucible\Crucible.csproj", "{2154C105-BFC8-49E3-B4B6-7751156C46CF}"
EndProject
Project("{8BC9CEB8-8B4A-11D0-8D11-00A0C91BC942}") = "UnmanagedZStd", "UnmanagedZStd\UnmanagedZStd.vcxproj", "{F0C8CC61-A2E8-46BC-BD4D-515CCC92732B}"
EndProject
Project("{8BC9CEB8-8B4A-11D0-8D11-00A0C91BC942}") = "ImageProcessing", "ImageProcessing\ImageProcessing.vcxproj", "{9EC3951B-E38E-41C1-8DEA-C964F143C512}"
EndProject
Project("{FAE04EC0-301F-11D3-BF4B-00C04F79EFBC}") = "CrucibleBuild", "CrucibleBuild\CrucibleBuild.csproj", "{0AD1D9EE-C6C6-4B8F-9728-51988C887346}"
	ProjectSection(ProjectDependencies) = postProject
		{2154C105-BFC8-49E3-B4B6-7751156C46CF} = {2154C105-BFC8-49E3-B4B6-7751156C46CF}
		{46FD1690-F9FB-41B8-A3FA-036D4696BDD7} = {46FD1690-F9FB-41B8-A3FA-036D4696BDD7}
		{7CE89FA5-3E79-4E98-A5C3-5D54819C90DA} = {7CE89FA5-3E79-4E98-A5C3-5D54819C90DA}
	EndProjectSection
EndProject
Project("{FAE04EC0-301F-11D3-BF4B-00C04F79EFBC}") = "HelloWorldPlugin", "HelloWorldPlugin\HelloWorldPlugin.csproj", "{9AC5BA65-1E9C-4152-B895-B3AB3AA5DA61}"
EndProject
Project("{2150E333-8FDC-42A3-9474-1A3956D46DE8}") = "Plugins", "Plugins", "{BF70F8AE-2C7B-43F6-86A3-8F89F21323D3}"
EndProject
Project("{2150E333-8FDC-42A3-9474-1A3956D46DE8}") = "Libraries", "Libraries", "{7D6F8331-6D45-4512-A11F-39573CE9E068}"
EndProject
Project("{FAE04EC0-301F-11D3-BF4B-00C04F79EFBC}") = "Binary", "Binary\Binary.csproj", "{49F740EB-394E-4F15-8289-F010FA91B9A6}"
EndProject
Project("{FAE04EC0-301F-11D3-BF4B-00C04F79EFBC}") = "Core", "WindowsAPICodePack\Core\Core.csproj", "{2E1FB0DF-F9BB-4909-9F32-2D9D022A8E57}"
EndProject
Project("{FAE04EC0-301F-11D3-BF4B-00C04F79EFBC}") = "Shell", "WindowsAPICodePack\Shell\Shell.csproj", "{AA0C00CB-8699-4F37-BFAE-40CA87ACC06D}"
EndProject
Project("{2150E333-8FDC-42A3-9474-1A3956D46DE8}") = "WindowsAPICodePack", "WindowsAPICodePack", "{4C1E6158-1367-4746-8BC5-5E2ED08DAC37}"
EndProject
Project("{FAE04EC0-301F-11D3-BF4B-00C04F79EFBC}") = "DataCoreBinaryEditor2Plugin", "DataCoreBinaryEditor2Plugin\DataCoreBinaryEditor2Plugin.csproj", "{46FD1690-F9FB-41B8-A3FA-036D4696BDD7}"
EndProject
Project("{FAE04EC0-301F-11D3-BF4B-00C04F79EFBC}") = "TextEditorPlugin", "TextEditorPlugin\TextEditorPlugin.csproj", "{7CE89FA5-3E79-4E98-A5C3-5D54819C90DA}"
EndProject
Global
	GlobalSection(SolutionConfigurationPlatforms) = preSolution
		Debug|x64 = Debug|x64
		Debug|x86 = Debug|x86
		Release|x64 = Release|x64
		Release|x86 = Release|x86
	EndGlobalSection
	GlobalSection(ProjectConfigurationPlatforms) = postSolution
		{93CD327C-7950-44AA-85F6-FC7412D53D82}.Debug|x64.ActiveCfg = Debug|x64
		{93CD327C-7950-44AA-85F6-FC7412D53D82}.Debug|x64.Build.0 = Debug|x64
		{93CD327C-7950-44AA-85F6-FC7412D53D82}.Debug|x86.ActiveCfg = Debug|x64
		{93CD327C-7950-44AA-85F6-FC7412D53D82}.Release|x64.ActiveCfg = Release|x64
		{93CD327C-7950-44AA-85F6-FC7412D53D82}.Release|x64.Build.0 = Release|x64
		{93CD327C-7950-44AA-85F6-FC7412D53D82}.Release|x86.ActiveCfg = Release|x64
		{2154C105-BFC8-49E3-B4B6-7751156C46CF}.Debug|x64.ActiveCfg = Debug|x64
		{2154C105-BFC8-49E3-B4B6-7751156C46CF}.Debug|x64.Build.0 = Debug|x64
		{2154C105-BFC8-49E3-B4B6-7751156C46CF}.Debug|x86.ActiveCfg = Debug|x64
		{2154C105-BFC8-49E3-B4B6-7751156C46CF}.Release|x64.ActiveCfg = Release|x64
		{2154C105-BFC8-49E3-B4B6-7751156C46CF}.Release|x64.Build.0 = Release|x64
		{2154C105-BFC8-49E3-B4B6-7751156C46CF}.Release|x86.ActiveCfg = Release|x64
		{F0C8CC61-A2E8-46BC-BD4D-515CCC92732B}.Debug|x64.ActiveCfg = Debug|x64
		{F0C8CC61-A2E8-46BC-BD4D-515CCC92732B}.Debug|x64.Build.0 = Debug|x64
		{F0C8CC61-A2E8-46BC-BD4D-515CCC92732B}.Debug|x86.ActiveCfg = Debug|x64
		{F0C8CC61-A2E8-46BC-BD4D-515CCC92732B}.Release|x64.ActiveCfg = Release|x64
		{F0C8CC61-A2E8-46BC-BD4D-515CCC92732B}.Release|x64.Build.0 = Release|x64
		{F0C8CC61-A2E8-46BC-BD4D-515CCC92732B}.Release|x86.ActiveCfg = Release|x64
		{9EC3951B-E38E-41C1-8DEA-C964F143C512}.Debug|x64.ActiveCfg = Debug|x64
		{9EC3951B-E38E-41C1-8DEA-C964F143C512}.Debug|x64.Build.0 = Debug|x64
		{9EC3951B-E38E-41C1-8DEA-C964F143C512}.Debug|x86.ActiveCfg = Debug|x64
		{9EC3951B-E38E-41C1-8DEA-C964F143C512}.Release|x64.ActiveCfg = Release|x64
		{9EC3951B-E38E-41C1-8DEA-C964F143C512}.Release|x64.Build.0 = Release|x64
		{9EC3951B-E38E-41C1-8DEA-C964F143C512}.Release|x86.ActiveCfg = Release|x64
		{0AD1D9EE-C6C6-4B8F-9728-51988C887346}.Debug|x64.ActiveCfg = Debug|x64
		{0AD1D9EE-C6C6-4B8F-9728-51988C887346}.Debug|x64.Build.0 = Debug|x64
		{0AD1D9EE-C6C6-4B8F-9728-51988C887346}.Debug|x86.ActiveCfg = Debug|x64
		{0AD1D9EE-C6C6-4B8F-9728-51988C887346}.Release|x64.ActiveCfg = Release|x64
		{0AD1D9EE-C6C6-4B8F-9728-51988C887346}.Release|x64.Build.0 = Release|x64
		{0AD1D9EE-C6C6-4B8F-9728-51988C887346}.Release|x86.ActiveCfg = Release|x64
		{9AC5BA65-1E9C-4152-B895-B3AB3AA5DA61}.Debug|x64.ActiveCfg = Debug|x64
		{9AC5BA65-1E9C-4152-B895-B3AB3AA5DA61}.Debug|x64.Build.0 = Debug|x64
		{9AC5BA65-1E9C-4152-B895-B3AB3AA5DA61}.Debug|x86.ActiveCfg = Debug|x64
		{9AC5BA65-1E9C-4152-B895-B3AB3AA5DA61}.Release|x64.ActiveCfg = Release|x64
		{9AC5BA65-1E9C-4152-B895-B3AB3AA5DA61}.Release|x64.Build.0 = Release|x64
		{9AC5BA65-1E9C-4152-B895-B3AB3AA5DA61}.Release|x86.ActiveCfg = Release|x64
		{49F740EB-394E-4F15-8289-F010FA91B9A6}.Debug|x64.ActiveCfg = Debug|x64
		{49F740EB-394E-4F15-8289-F010FA91B9A6}.Debug|x64.Build.0 = Debug|x64
		{49F740EB-394E-4F15-8289-F010FA91B9A6}.Debug|x86.ActiveCfg = Debug|x64
		{49F740EB-394E-4F15-8289-F010FA91B9A6}.Release|x64.ActiveCfg = Release|x64
		{49F740EB-394E-4F15-8289-F010FA91B9A6}.Release|x64.Build.0 = Release|x64
		{49F740EB-394E-4F15-8289-F010FA91B9A6}.Release|x86.ActiveCfg = Release|x64
		{2E1FB0DF-F9BB-4909-9F32-2D9D022A8E57}.Debug|x64.ActiveCfg = Debug|x64
		{2E1FB0DF-F9BB-4909-9F32-2D9D022A8E57}.Debug|x64.Build.0 = Debug|x64
		{2E1FB0DF-F9BB-4909-9F32-2D9D022A8E57}.Debug|x86.ActiveCfg = Debug|Any CPU
		{2E1FB0DF-F9BB-4909-9F32-2D9D022A8E57}.Debug|x86.Build.0 = Debug|Any CPU
		{2E1FB0DF-F9BB-4909-9F32-2D9D022A8E57}.Release|x64.ActiveCfg = Release|x64
		{2E1FB0DF-F9BB-4909-9F32-2D9D022A8E57}.Release|x64.Build.0 = Release|x64
		{2E1FB0DF-F9BB-4909-9F32-2D9D022A8E57}.Release|x86.ActiveCfg = Release|Any CPU
		{2E1FB0DF-F9BB-4909-9F32-2D9D022A8E57}.Release|x86.Build.0 = Release|Any CPU
		{AA0C00CB-8699-4F37-BFAE-40CA87ACC06D}.Debug|x64.ActiveCfg = Debug|x64
		{AA0C00CB-8699-4F37-BFAE-40CA87ACC06D}.Debug|x64.Build.0 = Debug|x64
		{AA0C00CB-8699-4F37-BFAE-40CA87ACC06D}.Debug|x86.ActiveCfg = Debug|Any CPU
		{AA0C00CB-8699-4F37-BFAE-40CA87ACC06D}.Debug|x86.Build.0 = Debug|Any CPU
		{AA0C00CB-8699-4F37-BFAE-40CA87ACC06D}.Release|x64.ActiveCfg = Release|x64
		{AA0C00CB-8699-4F37-BFAE-40CA87ACC06D}.Release|x64.Build.0 = Release|x64
		{AA0C00CB-8699-4F37-BFAE-40CA87ACC06D}.Release|x86.ActiveCfg = Release|Any CPU
		{AA0C00CB-8699-4F37-BFAE-40CA87ACC06D}.Release|x86.Build.0 = Release|Any CPU
		{46FD1690-F9FB-41B8-A3FA-036D4696BDD7}.Debug|x64.ActiveCfg = Debug|x64
		{46FD1690-F9FB-41B8-A3FA-036D4696BDD7}.Debug|x64.Build.0 = Debug|x64
		{46FD1690-F9FB-41B8-A3FA-036D4696BDD7}.Debug|x86.ActiveCfg = Debug|x64
		{46FD1690-F9FB-41B8-A3FA-036D4696BDD7}.Release|x64.ActiveCfg = Release|x64
		{46FD1690-F9FB-41B8-A3FA-036D4696BDD7}.Release|x64.Build.0 = Release|x64
		{46FD1690-F9FB-41B8-A3FA-036D4696BDD7}.Release|x86.ActiveCfg = Release|x64
		{7CE89FA5-3E79-4E98-A5C3-5D54819C90DA}.Debug|x64.ActiveCfg = Debug|x64
		{7CE89FA5-3E79-4E98-A5C3-5D54819C90DA}.Debug|x64.Build.0 = Debug|x64
		{7CE89FA5-3E79-4E98-A5C3-5D54819C90DA}.Debug|x86.ActiveCfg = Debug|x64
		{7CE89FA5-3E79-4E98-A5C3-5D54819C90DA}.Release|x64.ActiveCfg = Release|x64
		{7CE89FA5-3E79-4E98-A5C3-5D54819C90DA}.Release|x64.Build.0 = Release|x64
		{7CE89FA5-3E79-4E98-A5C3-5D54819C90DA}.Release|x86.ActiveCfg = Release|x64
	EndGlobalSection
	GlobalSection(SolutionProperties) = preSolution
		HideSolutionNode = FALSE
	EndGlobalSection
	GlobalSection(NestedProjects) = preSolution
		{93CD327C-7950-44AA-85F6-FC7412D53D82} = {7D6F8331-6D45-4512-A11F-39573CE9E068}
		{F0C8CC61-A2E8-46BC-BD4D-515CCC92732B} = {7D6F8331-6D45-4512-A11F-39573CE9E068}
		{9EC3951B-E38E-41C1-8DEA-C964F143C512} = {7D6F8331-6D45-4512-A11F-39573CE9E068}
		{9AC5BA65-1E9C-4152-B895-B3AB3AA5DA61} = {BF70F8AE-2C7B-43F6-86A3-8F89F21323D3}
		{49F740EB-394E-4F15-8289-F010FA91B9A6} = {7D6F8331-6D45-4512-A11F-39573CE9E068}
		{2E1FB0DF-F9BB-4909-9F32-2D9D022A8E57} = {4C1E6158-1367-4746-8BC5-5E2ED08DAC37}
		{AA0C00CB-8699-4F37-BFAE-40CA87ACC06D} = {4C1E6158-1367-4746-8BC5-5E2ED08DAC37}
		{4C1E6158-1367-4746-8BC5-5E2ED08DAC37} = {7D6F8331-6D45-4512-A11F-39573CE9E068}
		{46FD1690-F9FB-41B8-A3FA-036D4696BDD7} = {BF70F8AE-2C7B-43F6-86A3-8F89F21323D3}
		{7CE89FA5-3E79-4E98-A5C3-5D54819C90DA} = {BF70F8AE-2C7B-43F6-86A3-8F89F21323D3}
	EndGlobalSection
	GlobalSection(ExtensibilityGlobals) = postSolution
		SolutionGuid = {3B092EB4-792B-436B-BEA2-79FE4BB7D09A}
	EndGlobalSection
EndGlobal
